// !$*UTF8*$!
{
	archiveVersion = 1;
	classes = {
	};
	objectVersion = 46;
	objects = {

/* Begin PBXBuildFile section */
		23FF93121F14C597007A5F06 /* AppDelegate.swift in Sources */ = {isa = PBXBuildFile; fileRef = 23FF93111F14C597007A5F06 /* AppDelegate.swift */; };
		23FF93141F14C597007A5F06 /* ViewController.swift in Sources */ = {isa = PBXBuildFile; fileRef = 23FF93131F14C597007A5F06 /* ViewController.swift */; };
		23FF93171F14C597007A5F06 /* Main.storyboard in Resources */ = {isa = PBXBuildFile; fileRef = 23FF93151F14C597007A5F06 /* Main.storyboard */; };
		23FF93191F14C597007A5F06 /* Assets.xcassets in Resources */ = {isa = PBXBuildFile; fileRef = 23FF93181F14C597007A5F06 /* Assets.xcassets */; };
		23FF931C1F14C597007A5F06 /* LaunchScreen.storyboard in Resources */ = {isa = PBXBuildFile; fileRef = 23FF931A1F14C597007A5F06 /* LaunchScreen.storyboard */; };
		23FF93291F14C63B007A5F06 /* VideoCutter.swift in Sources */ = {isa = PBXBuildFile; fileRef = 23FF93241F14C63B007A5F06 /* VideoCutter.swift */; };
		23FF932A1F14C63B007A5F06 /* VideoSplashViewController.swift in Sources */ = {isa = PBXBuildFile; fileRef = 23FF93251F14C63B007A5F06 /* VideoSplashViewController.swift */; };
		23FF932B1F14C63B007A5F06 /* car.mp4 in Resources */ = {isa = PBXBuildFile; fileRef = 23FF93271F14C63B007A5F06 /* car.mp4 */; };
		23FF932C1F14C63B007A5F06 /* universal.mp4 in Resources */ = {isa = PBXBuildFile; fileRef = 23FF93281F14C63B007A5F06 /* universal.mp4 */; };
		23FF932E1F14C6CF007A5F06 /* LoginViewController.swift in Sources */ = {isa = PBXBuildFile; fileRef = 23FF932D1F14C6CF007A5F06 /* LoginViewController.swift */; };
		23FF93301F14C91A007A5F06 /* amazon.mp4 in Resources */ = {isa = PBXBuildFile; fileRef = 23FF932F1F14C91A007A5F06 /* amazon.mp4 */; };
/* End PBXBuildFile section */

/* Begin PBXFileReference section */
		23FF930E1F14C597007A5F06 /* VideoLogin.app */ = {isa = PBXFileReference; explicitFileType = wrapper.application; includeInIndex = 0; path = VideoLogin.app; sourceTree = BUILT_PRODUCTS_DIR; };
		23FF93111F14C597007A5F06 /* AppDelegate.swift */ = {isa = PBXFileReference; lastKnownFileType = sourcecode.swift; path = AppDelegate.swift; sourceTree = "<group>"; };
		23FF93131F14C597007A5F06 /* ViewController.swift */ = {isa = PBXFileReference; lastKnownFileType = sourcecode.swift; path = ViewController.swift; sourceTree = "<group>"; };
		23FF93161F14C597007A5F06 /* Base */ = {isa = PBXFileReference; lastKnownFileType = file.storyboard; name = Base; path = Base.lproj/Main.storyboard; sourceTree = "<group>"; };
		23FF93181F14C597007A5F06 /* Assets.xcassets */ = {isa = PBXFileReference; lastKnownFileType = folder.assetcatalog; path = Assets.xcassets; sourceTree = "<group>"; };
		23FF931B1F14C597007A5F06 /* Base */ = {isa = PBXFileReference; lastKnownFileType = file.storyboard; name = Base; path = Base.lproj/LaunchScreen.storyboard; sourceTree = "<group>"; };
		23FF931D1F14C597007A5F06 /* Info.plist */ = {isa = PBXFileReference; lastKnownFileType = text.plist.xml; path = Info.plist; sourceTree = "<group>"; };
		23FF93241F14C63B007A5F06 /* VideoCutter.swift */ = {isa = PBXFileReference; fileEncoding = 4; lastKnownFileType = sourcecode.swift; path = VideoCutter.swift; sourceTree = "<group>"; };
		23FF93251F14C63B007A5F06 /* VideoSplashViewController.swift */ = {isa = PBXFileReference; fileEncoding = 4; lastKnownFileType = sourcecode.swift; path = VideoSplashViewController.swift; sourceTree = "<group>"; };
		23FF93271F14C63B007A5F06 /* car.mp4 */ = {isa = PBXFileReference; lastKnownFileType = file; path = car.mp4; sourceTree = "<group>"; };
		23FF93281F14C63B007A5F06 /* universal.mp4 */ = {isa = PBXFileReference; lastKnownFileType = file; path = universal.mp4; sourceTree = "<group>"; };
		23FF932D1F14C6CF007A5F06 /* LoginViewController.swift */ = {isa = PBXFileReference; fileEncoding = 4; lastKnownFileType = sourcecode.swift; path = LoginViewController.swift; sourceTree = "<group>"; };
		23FF932F1F14C91A007A5F06 /* amazon.mp4 */ = {isa = PBXFileReference; lastKnownFileType = file; path = amazon.mp4; sourceTree = "<group>"; };
/* End PBXFileReference section */

/* Begin PBXFrameworksBuildPhase section */
		23FF930B1F14C597007A5F06 /* Frameworks */ = {
			isa = PBXFrameworksBuildPhase;
			buildActionMask = 2147483647;
			files = (
			);
			runOnlyForDeploymentPostprocessing = 0;
		};
/* End PBXFrameworksBuildPhase section */

/* Begin PBXGroup section */
		23FF93051F14C597007A5F06 = {
			isa = PBXGroup;
			children = (
				23FF93101F14C597007A5F06 /* VideoLogin */,
				23FF930F1F14C597007A5F06 /* Products */,
			);
			sourceTree = "<group>";
		};
		23FF930F1F14C597007A5F06 /* Products */ = {
			isa = PBXGroup;
			children = (
				23FF930E1F14C597007A5F06 /* VideoLogin.app */,
			);
			name = Products;
			sourceTree = "<group>";
		};
		23FF93101F14C597007A5F06 /* VideoLogin */ = {
			isa = PBXGroup;
			children = (
				23FF93231F14C63B007A5F06 /* Lib */,
				23FF93261F14C63B007A5F06 /* Video */,
				23FF93111F14C597007A5F06 /* AppDelegate.swift */,
				23FF93131F14C597007A5F06 /* ViewController.swift */,
				23FF932D1F14C6CF007A5F06 /* LoginViewController.swift */,
				23FF93151F14C597007A5F06 /* Main.storyboard */,
				23FF93181F14C597007A5F06 /* Assets.xcassets */,
				23FF931A1F14C597007A5F06 /* LaunchScreen.storyboard */,
				23FF931D1F14C597007A5F06 /* Info.plist */,
			);
			path = VideoLogin;
			sourceTree = "<group>";
		};
		23FF93231F14C63B007A5F06 /* Lib */ = {
			isa = PBXGroup;
			children = (
				23FF93241F14C63B007A5F06 /* VideoCutter.swift */,
				23FF93251F14C63B007A5F06 /* VideoSplashViewController.swift */,
			);
			path = Lib;
			sourceTree = "<group>";
		};
		23FF93261F14C63B007A5F06 /* Video */ = {
			isa = PBXGroup;
			children = (
				23FF932F1F14C91A007A5F06 /* amazon.mp4 */,
				23FF93271F14C63B007A5F06 /* car.mp4 */,
				23FF93281F14C63B007A5F06 /* universal.mp4 */,
			);
			path = Video;
			sourceTree = "<group>";
		};
/* End PBXGroup section */

/* Begin PBXNativeTarget section */
		23FF930D1F14C597007A5F06 /* VideoLogin */ = {
			isa = PBXNativeTarget;
			buildConfigurationList = 23FF93201F14C597007A5F06 /* Build configuration list for PBXNativeTarget "VideoLogin" */;
			buildPhases = (
				23FF930A1F14C597007A5F06 /* Sources */,
				23FF930B1F14C597007A5F06 /* Frameworks */,
				23FF930C1F14C597007A5F06 /* Resources */,
			);
			buildRules = (
			);
			dependencies = (
			);
			name = VideoLogin;
			productName = VideoLogin;
			productReference = 23FF930E1F14C597007A5F06 /* VideoLogin.app */;
			productType = "com.apple.product-type.application";
		};
/* End PBXNativeTarget section */

/* Begin PBXProject section */
		23FF93061F14C597007A5F06 /* Project object */ = {
			isa = PBXProject;
			attributes = {
				LastSwiftUpdateCheck = 0830;
				LastUpgradeCheck = 0830;
				ORGANIZATIONNAME = CJ;
				TargetAttributes = {
					23FF930D1F14C597007A5F06 = {
						CreatedOnToolsVersion = 8.3.2;
						DevelopmentTeam = A42U927466;
						ProvisioningStyle = Automatic;
					};
				};
			};
			buildConfigurationList = 23FF93091F14C597007A5F06 /* Build configuration list for PBXProject "VideoLogin" */;
			compatibilityVersion = "Xcode 3.2";
			developmentRegion = English;
			hasScannedForEncodings = 0;
			knownRegions = (
				en,
				Base,
			);
			mainGroup = 23FF93051F14C597007A5F06;
			productRefGroup = 23FF930F1F14C597007A5F06 /* Products */;
			projectDirPath = "";
			projectRoot = "";
			targets = (
				23FF930D1F14C597007A5F06 /* VideoLogin */,
			);
		};
/* End PBXProject section */

/* Begin PBXResourcesBuildPhase section */
		23FF930C1F14C597007A5F06 /* Resources */ = {
			isa = PBXResourcesBuildPhase;
			buildActionMask = 2147483647;
			files = (
				23FF932B1F14C63B007A5F06 /* car.mp4 in Resources */,
				23FF932C1F14C63B007A5F06 /* universal.mp4 in Resources */,
				23FF931C1F14C597007A5F06 /* LaunchScreen.storyboard in Resources */,
				23FF93191F14C597007A5F06 /* Assets.xcassets in Resources */,
				23FF93171F14C597007A5F06 /* Main.storyboard in Resources */,
				23FF93301F14C91A007A5F06 /* amazon.mp4 in Resources */,
			);
			runOnlyForDeploymentPostprocessing = 0;
		};
/* End PBXResourcesBuildPhase section */

/* Begin PBXSourcesBuildPhase section */
		23FF930A1F14C597007A5F06 /* Sources */ = {
			isa = PBXSourcesBuildPhase;
			buildActionMask = 2147483647;
			files = (
				23FF93291F14C63B007A5F06 /* VideoCutter.swift in Sources */,
				23FF93141F14C597007A5F06 /* ViewController.swift in Sources */,
				23FF93121F14C597007A5F06 /* AppDelegate.swift in Sources */,
				23FF932E1F14C6CF007A5F06 /* LoginViewController.swift in Sources */,
				23FF932A1F14C63B007A5F06 /* VideoSplashViewController.swift in Sources */,
			);
			runOnlyForDeploymentPostprocessing = 0;
		};
/* End PBXSourcesBuildPhase section */

/* Begin PBXVariantGroup section */
		23FF93151F14C597007A5F06 /* Main.storyboard */ = {
			isa = PBXVariantGroup;
			children = (
				23FF93161F14C597007A5F06 /* Base */,
			);
			name = Main.storyboard;
			sourceTree = "<group>";
		};
		23FF931A1F14C597007A5F06 /* LaunchScreen.storyboard */ = {
			isa = PBXVariantGroup;
			children = (
				23FF931B1F14C597007A5F06 /* Base */,
			);
			name = LaunchScreen.storyboard;
			sourceTree = "<group>";
		};
/* End PBXVariantGroup section */

/* Begin XCBuildConfiguration section */
		23FF931E1F14C597007A5F06 /* Debug */ = {
			isa = XCBuildConfiguration;
			buildSettings = {
				ALWAYS_SEARCH_USER_PATHS = NO;
				CLANG_ANALYZER_NONNULL = YES;
				CLANG_ANALYZER_NUMBER_OBJECT_CONVERSION = YES_AGGRESSIVE;
				CLANG_CXX_LANGUAGE_STANDARD = "gnu++0x";
				CLANG_CXX_LIBRARY = "libc++";
				CLANG_ENABLE_MODULES = YES;
				CLANG_ENABLE_OBJC_ARC = YES;
				CLANG_WARN_BOOL_CONVERSION = YES;
				CLANG_WARN_CONSTANT_CONVERSION = YES;
				CLANG_WARN_DIRECT_OBJC_ISA_USAGE = YES_ERROR;
				CLANG_WARN_DOCUMENTATION_COMMENTS = YES;
				CLANG_WARN_EMPTY_BODY = YES;
				CLANG_WARN_ENUM_CONVERSION = YES;
				CLANG_WARN_INFINITE_RECURSION = YES;
				CLANG_WARN_INT_CONVERSION = YES;
				CLANG_WARN_OBJC_ROOT_CLASS = YES_ERROR;
				CLANG_WARN_SUSPICIOUS_MOVE = YES;
				CLANG_WARN_UNREACHABLE_CODE = YES;
				CLANG_WARN__DUPLICATE_METHOD_MATCH = YES;
				"CODE_SIGN_IDENTITY[sdk=iphoneos*]" = "iPhone Developer";
				COPY_PHASE_STRIP = NO;
				DEBUG_INFORMATION_FORMAT = dwarf;
				ENABLE_STRICT_OBJC_MSGSEND = YES;
				ENABLE_TESTABILITY = YES;
				GCC_C_LANGUAGE_STANDARD = gnu99;
				GCC_DYNAMIC_NO_PIC = NO;
				GCC_NO_COMMON_BLOCKS = YES;
				GCC_OPTIMIZATION_LEVEL = 0;
				GCC_PREPROCESSOR_DEFINITIONS = (
					"DEBUG=1",
					"$(inherited)",
				);
				GCC_WARN_64_TO_32_BIT_CONVERSION = YES;
				GCC_WARN_ABOUT_RETURN_TYPE = YES_ERROR;
				GCC_WARN_UNDECLARED_SELECTOR = YES;
				GCC_WARN_UNINITIALIZED_AUTOS = YES_AGGRESSIVE;
				GCC_WARN_UNUSED_FUNCTION = YES;
				GCC_WARN_UNUSED_VARIABLE = YES;
				IPHONEOS_DEPLOYMENT_TARGET = 10.3;
				MTL_ENABLE_DEBUG_INFO = YES;
				ONLY_ACTIVE_ARCH = YES;
				SDKROOT = iphoneos;
				SWIFT_ACTIVE_COMPILATION_CONDITIONS = DEBUG;
				SWIFT_OPTIMIZATION_LEVEL = "-Onone";
				TARGETED_DEVICE_FAMILY = "1,2";
			};
			name = Debug;
		};
		23FF931F1F14C597007A5F06 /* Release */ = {
			isa = XCBuildConfiguration;
			buildSettings = {
				ALWAYS_SEARCH_USER_PATHS = NO;
				CLANG_ANALYZER_NONNULL = YES;
				CLANG_ANALYZER_NUMBER_OBJECT_CONVERSION = YES_AGGRESSIVE;
				CLANG_CXX_LANGUAGE_STANDARD = "gnu++0x";
				CLANG_CXX_LIBRARY = "libc++";
				CLANG_ENABLE_MODULES = YES;
				CLANG_ENABLE_OBJC_ARC = YES;
				CLANG_WARN_BOOL_CONVERSION = YES;
				CLANG_WARN_CONSTANT_CONVERSION = YES;
				CLANG_WARN_DIRECT_OBJC_ISA_USAGE = YES_ERROR;
				CLANG_WARN_DOCUMENTATION_COMMENTS = YES;
				CLANG_WARN_EMPTY_BODY = YES;
				CLANG_WARN_ENUM_CONVERSION = YES;
				CLANG_WARN_INFINITE_RECURSION = YES;
				CLANG_WARN_INT_CONVERSION = YES;
				CLANG_WARN_OBJC_ROOT_CLASS = YES_ERROR;
				CLANG_WARN_SUSPICIOUS_MOVE = YES;
				CLANG_WARN_UNREACHABLE_CODE = YES;
				CLANG_WARN__DUPLICATE_METHOD_MATCH = YES;
				"CODE_SIGN_IDENTITY[sdk=iphoneos*]" = "iPhone Developer";
				COPY_PHASE_STRIP = NO;
				DEBUG_INFORMATION_FORMAT = "dwarf-with-dsym";
				ENABLE_NS_ASSERTIONS = NO;
				ENABLE_STRICT_OBJC_MSGSEND = YES;
				GCC_C_LANGUAGE_STANDARD = gnu99;
				GCC_NO_COMMON_BLOCKS = YES;
				GCC_WARN_64_TO_32_BIT_CONVERSION = YES;
				GCC_WARN_ABOUT_RETURN_TYPE = YES_ERROR;
				GCC_WARN_UNDECLARED_SELECTOR = YES;
				GCC_WARN_UNINITIALIZED_AUTOS = YES_AGGRESSIVE;
				GCC_WARN_UNUSED_FUNCTION = YES;
				GCC_WARN_UNUSED_VARIABLE = YES;
				IPHONEOS_DEPLOYMENT_TARGET = 10.3;
				MTL_ENABLE_DEBUG_INFO = NO;
				SDKROOT = iphoneos;
				SWIFT_OPTIMIZATION_LEVEL = "-Owholemodule";
				TARGETED_DEVICE_FAMILY = "1,2";
				VALIDATE_PRODUCT = YES;
			};
			name = Release;
		};
		23FF93211F14C597007A5F06 /* Debug */ = {
			isa = XCBuildConfiguration;
			buildSettings = {
				ASSETCATALOG_COMPILER_APPICON_NAME = AppIcon;
				DEVELOPMENT_TEAM = A42U927466;
				INFOPLIST_FILE = VideoLogin/Info.plist;
				LD_RUNPATH_SEARCH_PATHS = "$(inherited) @executable_path/Frameworks";
				PRODUCT_BUNDLE_IDENTIFIER = com.CJ.CJImagePager;
				PRODUCT_NAME = "$(TARGET_NAME)";
				SWIFT_VERSION = 3.0;
			};
			name = Debug;
		};
		23FF93221F14C597007A5F06 /* Release */ = {
			isa = XCBuildConfiguration;
			buildSettings = {
				ASSETCATALOG_COMPILER_APPICON_NAME = AppIcon;
				DEVELOPMENT_TEAM = A42U927466;
				INFOPLIST_FILE = VideoLogin/Info.plist;
				LD_RUNPATH_SEARCH_PATHS = "$(inherited) @executable_path/Frameworks";
				PRODUCT_BUNDLE_IDENTIFIER = com.CJ.CJImagePager;
				PRODUCT_NAME = "$(TARGET_NAME)";
				SWIFT_VERSION = 3.0;
			};
			name = Release;
		};
/* End XCBuildConfiguration section */

/* Begin XCConfigurationList section */
		23FF93091F14C597007A5F06 /* Build configuration list for PBXProject "VideoLogin" */ = {
			isa = XCConfigurationList;
			buildConfigurations = (
				23FF931E1F14C597007A5F06 /* Debug */,
				23FF931F1F14C597007A5F06 /* Release */,
			);
			defaultConfigurationIsVisible = 0;
			defaultConfigurationName = Release;
		};
		23FF93201F14C597007A5F06 /* Build configuration list for PBXNativeTarget "VideoLogin" */ = {
			isa = XCConfigurationList;
			buildConfigurations = (
				23FF93211F14C597007A5F06 /* Debug */,
				23FF93221F14C597007A5F06 /* Release */,
			);
			defaultConfigurationIsVisible = 0;
		};
/* End XCConfigurationList section */
	};
	rootObject = 23FF93061F14C597007A5F06 /* Project object */;
}
